// !$*UTF8*$!
{
	archiveVersion = 1;
	classes = {
	};
	objectVersion = 50;
	objects = {

/* Begin PBXBuildFile section */
		BA0689FC2658821500C5B622 /* ImageCache.swift in Sources */ = {isa = PBXBuildFile; fileRef = BA0689F92658821500C5B622 /* ImageCache.swift */; };
		BA0689FD2658821500C5B622 /* ImageLoader.swift in Sources */ = {isa = PBXBuildFile; fileRef = BA0689FA2658821500C5B622 /* ImageLoader.swift */; };
		BA0689FE2658821500C5B622 /* AsyncImage.swift in Sources */ = {isa = PBXBuildFile; fileRef = BA0689FB2658821500C5B622 /* AsyncImage.swift */; };
		BA068A002658828000C5B622 /* Spinner.swift in Sources */ = {isa = PBXBuildFile; fileRef = BA0689FF2658828000C5B622 /* Spinner.swift */; };
		BA068A0226588ECC00C5B622 /* PokemonDetailStruct.swift in Sources */ = {isa = PBXBuildFile; fileRef = BA068A0126588ECC00C5B622 /* PokemonDetailStruct.swift */; };
		BA068A042658C8CD00C5B622 /* Colors.xcassets in Resources */ = {isa = PBXBuildFile; fileRef = BA068A032658C8CD00C5B622 /* Colors.xcassets */; };
		BA068A09265995D900C5B622 /* PokemonDetailView.swift in Sources */ = {isa = PBXBuildFile; fileRef = BA068A08265995D900C5B622 /* PokemonDetailView.swift */; };
		BA068A0B265995EE00C5B622 /* PokemonDetailViewModel.swift in Sources */ = {isa = PBXBuildFile; fileRef = BA068A0A265995EE00C5B622 /* PokemonDetailViewModel.swift */; };
		BA3BB4C4265B469800184790 /* StringExtension.swift in Sources */ = {isa = PBXBuildFile; fileRef = BA3BB4C3265B469800184790 /* StringExtension.swift */; };
		BAAC7DBE2659EFBC00D6CB45 /* AbilityStruct.swift in Sources */ = {isa = PBXBuildFile; fileRef = BAAC7DBD2659EFBC00D6CB45 /* AbilityStruct.swift */; };
		BAAC7DC0265A0BF400D6CB45 /* Launch Screen.storyboard in Resources */ = {isa = PBXBuildFile; fileRef = BAAC7DBF265A0BF400D6CB45 /* Launch Screen.storyboard */; };
		BAEC88B92655E851001625DA /* PokedexApp.swift in Sources */ = {isa = PBXBuildFile; fileRef = BAEC88B82655E851001625DA /* PokedexApp.swift */; };
		BAEC88BD2655E855001625DA /* Assets.xcassets in Resources */ = {isa = PBXBuildFile; fileRef = BAEC88BC2655E855001625DA /* Assets.xcassets */; };
		BAEC88C02655E855001625DA /* Preview Assets.xcassets in Resources */ = {isa = PBXBuildFile; fileRef = BAEC88BF2655E855001625DA /* Preview Assets.xcassets */; };
		BAEC88CB2655E855001625DA /* PokedexTests.swift in Sources */ = {isa = PBXBuildFile; fileRef = BAEC88CA2655E855001625DA /* PokedexTests.swift */; };
		BAEC88D62655E855001625DA /* PokedexUITests.swift in Sources */ = {isa = PBXBuildFile; fileRef = BAEC88D52655E855001625DA /* PokedexUITests.swift */; };
		BAEC88E82655F2C4001625DA /* PokemonListView.swift in Sources */ = {isa = PBXBuildFile; fileRef = BAEC88E72655F2C4001625DA /* PokemonListView.swift */; };
		BAEC88EA2655F349001625DA /* PokemonListViewModel.swift in Sources */ = {isa = PBXBuildFile; fileRef = BAEC88E92655F349001625DA /* PokemonListViewModel.swift */; };
		BAEC88F826576D7D001625DA /* Agent.swift in Sources */ = {isa = PBXBuildFile; fileRef = BAEC88F726576D7D001625DA /* Agent.swift */; };
		BAEC88FA26576DD3001625DA /* PokemonAPI.swift in Sources */ = {isa = PBXBuildFile; fileRef = BAEC88F926576DD3001625DA /* PokemonAPI.swift */; };
		BAEC88FF26576E22001625DA /* PokemonResponseStruct.swift in Sources */ = {isa = PBXBuildFile; fileRef = BAEC88FE26576E22001625DA /* PokemonResponseStruct.swift */; };
/* End PBXBuildFile section */

/* Begin PBXContainerItemProxy section */
		BAEC88C72655E855001625DA /* PBXContainerItemProxy */ = {
			isa = PBXContainerItemProxy;
			containerPortal = BAEC88AD2655E851001625DA /* Project object */;
			proxyType = 1;
			remoteGlobalIDString = BAEC88B42655E851001625DA;
			remoteInfo = Pokedex;
		};
		BAEC88D22655E855001625DA /* PBXContainerItemProxy */ = {
			isa = PBXContainerItemProxy;
			containerPortal = BAEC88AD2655E851001625DA /* Project object */;
			proxyType = 1;
			remoteGlobalIDString = BAEC88B42655E851001625DA;
			remoteInfo = Pokedex;
		};
/* End PBXContainerItemProxy section */

/* Begin PBXFileReference section */
		BA0689F92658821500C5B622 /* ImageCache.swift */ = {isa = PBXFileReference; fileEncoding = 4; lastKnownFileType = sourcecode.swift; path = ImageCache.swift; sourceTree = "<group>"; };
		BA0689FA2658821500C5B622 /* ImageLoader.swift */ = {isa = PBXFileReference; fileEncoding = 4; lastKnownFileType = sourcecode.swift; path = ImageLoader.swift; sourceTree = "<group>"; };
		BA0689FB2658821500C5B622 /* AsyncImage.swift */ = {isa = PBXFileReference; fileEncoding = 4; lastKnownFileType = sourcecode.swift; path = AsyncImage.swift; sourceTree = "<group>"; };
		BA0689FF2658828000C5B622 /* Spinner.swift */ = {isa = PBXFileReference; lastKnownFileType = sourcecode.swift; path = Spinner.swift; sourceTree = "<group>"; };
		BA068A0126588ECC00C5B622 /* PokemonDetailStruct.swift */ = {isa = PBXFileReference; lastKnownFileType = sourcecode.swift; path = PokemonDetailStruct.swift; sourceTree = "<group>"; };
		BA068A032658C8CD00C5B622 /* Colors.xcassets */ = {isa = PBXFileReference; lastKnownFileType = folder.assetcatalog; path = Colors.xcassets; sourceTree = "<group>"; };
		BA068A08265995D900C5B622 /* PokemonDetailView.swift */ = {isa = PBXFileReference; lastKnownFileType = sourcecode.swift; path = PokemonDetailView.swift; sourceTree = "<group>"; };
		BA068A0A265995EE00C5B622 /* PokemonDetailViewModel.swift */ = {isa = PBXFileReference; lastKnownFileType = sourcecode.swift; path = PokemonDetailViewModel.swift; sourceTree = "<group>"; };
		BA3BB4C3265B469800184790 /* StringExtension.swift */ = {isa = PBXFileReference; lastKnownFileType = sourcecode.swift; path = StringExtension.swift; sourceTree = "<group>"; };
		BAAC7DBD2659EFBC00D6CB45 /* AbilityStruct.swift */ = {isa = PBXFileReference; lastKnownFileType = sourcecode.swift; path = AbilityStruct.swift; sourceTree = "<group>"; };
		BAAC7DBF265A0BF400D6CB45 /* Launch Screen.storyboard */ = {isa = PBXFileReference; lastKnownFileType = file.storyboard; path = "Launch Screen.storyboard"; sourceTree = "<group>"; };
		BAEC88B52655E851001625DA /* Pokedex.app */ = {isa = PBXFileReference; explicitFileType = wrapper.application; includeInIndex = 0; path = Pokedex.app; sourceTree = BUILT_PRODUCTS_DIR; };
		BAEC88B82655E851001625DA /* PokedexApp.swift */ = {isa = PBXFileReference; lastKnownFileType = sourcecode.swift; path = PokedexApp.swift; sourceTree = "<group>"; };
		BAEC88BC2655E855001625DA /* Assets.xcassets */ = {isa = PBXFileReference; lastKnownFileType = folder.assetcatalog; path = Assets.xcassets; sourceTree = "<group>"; };
		BAEC88BF2655E855001625DA /* Preview Assets.xcassets */ = {isa = PBXFileReference; lastKnownFileType = folder.assetcatalog; path = "Preview Assets.xcassets"; sourceTree = "<group>"; };
		BAEC88C12655E855001625DA /* Info.plist */ = {isa = PBXFileReference; lastKnownFileType = text.plist.xml; path = Info.plist; sourceTree = "<group>"; };
		BAEC88C62655E855001625DA /* PokedexTests.xctest */ = {isa = PBXFileReference; explicitFileType = wrapper.cfbundle; includeInIndex = 0; path = PokedexTests.xctest; sourceTree = BUILT_PRODUCTS_DIR; };
		BAEC88CA2655E855001625DA /* PokedexTests.swift */ = {isa = PBXFileReference; lastKnownFileType = sourcecode.swift; path = PokedexTests.swift; sourceTree = "<group>"; };
		BAEC88CC2655E855001625DA /* Info.plist */ = {isa = PBXFileReference; lastKnownFileType = text.plist.xml; path = Info.plist; sourceTree = "<group>"; };
		BAEC88D12655E855001625DA /* PokedexUITests.xctest */ = {isa = PBXFileReference; explicitFileType = wrapper.cfbundle; includeInIndex = 0; path = PokedexUITests.xctest; sourceTree = BUILT_PRODUCTS_DIR; };
		BAEC88D52655E855001625DA /* PokedexUITests.swift */ = {isa = PBXFileReference; lastKnownFileType = sourcecode.swift; path = PokedexUITests.swift; sourceTree = "<group>"; };
		BAEC88D72655E855001625DA /* Info.plist */ = {isa = PBXFileReference; lastKnownFileType = text.plist.xml; path = Info.plist; sourceTree = "<group>"; };
		BAEC88E72655F2C4001625DA /* PokemonListView.swift */ = {isa = PBXFileReference; lastKnownFileType = sourcecode.swift; path = PokemonListView.swift; sourceTree = "<group>"; };
		BAEC88E92655F349001625DA /* PokemonListViewModel.swift */ = {isa = PBXFileReference; lastKnownFileType = sourcecode.swift; path = PokemonListViewModel.swift; sourceTree = "<group>"; };
		BAEC88F726576D7D001625DA /* Agent.swift */ = {isa = PBXFileReference; lastKnownFileType = sourcecode.swift; path = Agent.swift; sourceTree = "<group>"; };
		BAEC88F926576DD3001625DA /* PokemonAPI.swift */ = {isa = PBXFileReference; lastKnownFileType = sourcecode.swift; path = PokemonAPI.swift; sourceTree = "<group>"; };
		BAEC88FE26576E22001625DA /* PokemonResponseStruct.swift */ = {isa = PBXFileReference; lastKnownFileType = sourcecode.swift; path = PokemonResponseStruct.swift; sourceTree = "<group>"; };
/* End PBXFileReference section */

/* Begin PBXFrameworksBuildPhase section */
		BAEC88B22655E851001625DA /* Frameworks */ = {
			isa = PBXFrameworksBuildPhase;
			buildActionMask = 2147483647;
			files = (
			);
			runOnlyForDeploymentPostprocessing = 0;
		};
		BAEC88C32655E855001625DA /* Frameworks */ = {
			isa = PBXFrameworksBuildPhase;
			buildActionMask = 2147483647;
			files = (
			);
			runOnlyForDeploymentPostprocessing = 0;
		};
		BAEC88CE2655E855001625DA /* Frameworks */ = {
			isa = PBXFrameworksBuildPhase;
			buildActionMask = 2147483647;
			files = (
			);
			runOnlyForDeploymentPostprocessing = 0;
		};
/* End PBXFrameworksBuildPhase section */

/* Begin PBXGroup section */
		BA0689F72658817C00C5B622 /* Tools */ = {
			isa = PBXGroup;
			children = (
				BA3BB4C2265B467D00184790 /* Extensions */,
				BA0689F8265881B400C5B622 /* AsyncImage */,
				BA0689FF2658828000C5B622 /* Spinner.swift */,
			);
			path = Tools;
			sourceTree = "<group>";
		};
		BA0689F8265881B400C5B622 /* AsyncImage */ = {
			isa = PBXGroup;
			children = (
				BA0689FB2658821500C5B622 /* AsyncImage.swift */,
				BA0689F92658821500C5B622 /* ImageCache.swift */,
				BA0689FA2658821500C5B622 /* ImageLoader.swift */,
			);
			path = AsyncImage;
			sourceTree = "<group>";
		};
		BA068A072659959700C5B622 /* PokemonDetail */ = {
			isa = PBXGroup;
			children = (
				BA068A08265995D900C5B622 /* PokemonDetailView.swift */,
				BA068A0A265995EE00C5B622 /* PokemonDetailViewModel.swift */,
			);
			path = PokemonDetail;
			sourceTree = "<group>";
		};
		BA3BB4C2265B467D00184790 /* Extensions */ = {
			isa = PBXGroup;
			children = (
				BA3BB4C3265B469800184790 /* StringExtension.swift */,
			);
			path = Extensions;
			sourceTree = "<group>";
		};
		BAEC88AC2655E851001625DA = {
			isa = PBXGroup;
			children = (
				BAEC88B72655E851001625DA /* Pokedex */,
				BAEC88C92655E855001625DA /* PokedexTests */,
				BAEC88D42655E855001625DA /* PokedexUITests */,
				BAEC88B62655E851001625DA /* Products */,
			);
			sourceTree = "<group>";
		};
		BAEC88B62655E851001625DA /* Products */ = {
			isa = PBXGroup;
			children = (
				BAEC88B52655E851001625DA /* Pokedex.app */,
				BAEC88C62655E855001625DA /* PokedexTests.xctest */,
				BAEC88D12655E855001625DA /* PokedexUITests.xctest */,
			);
			name = Products;
			sourceTree = "<group>";
		};
		BAEC88B72655E851001625DA /* Pokedex */ = {
			isa = PBXGroup;
			children = (
				BAEC88E52655F296001625DA /* App */,
				BAEC88E42655F05B001625DA /* Resources */,
				BAEC88E32655F04C001625DA /* Base */,
				BAEC88B82655E851001625DA /* PokedexApp.swift */,
				BAEC88BE2655E855001625DA /* Preview Content */,
			);
			path = Pokedex;
			sourceTree = "<group>";
		};
		BAEC88BE2655E855001625DA /* Preview Content */ = {
			isa = PBXGroup;
			children = (
				BAEC88BF2655E855001625DA /* Preview Assets.xcassets */,
			);
			path = "Preview Content";
			sourceTree = "<group>";
		};
		BAEC88C92655E855001625DA /* PokedexTests */ = {
			isa = PBXGroup;
			children = (
				BAEC88CA2655E855001625DA /* PokedexTests.swift */,
				BAEC88CC2655E855001625DA /* Info.plist */,
			);
			path = PokedexTests;
			sourceTree = "<group>";
		};
		BAEC88D42655E855001625DA /* PokedexUITests */ = {
			isa = PBXGroup;
			children = (
				BAEC88D52655E855001625DA /* PokedexUITests.swift */,
				BAEC88D72655E855001625DA /* Info.plist */,
			);
			path = PokedexUITests;
			sourceTree = "<group>";
		};
		BAEC88E32655F04C001625DA /* Base */ = {
			isa = PBXGroup;
			children = (
				BAEC88C12655E855001625DA /* Info.plist */,
				BAAC7DBF265A0BF400D6CB45 /* Launch Screen.storyboard */,
			);
			path = Base;
			sourceTree = "<group>";
		};
		BAEC88E42655F05B001625DA /* Resources */ = {
			isa = PBXGroup;
			children = (
				BAEC88BC2655E855001625DA /* Assets.xcassets */,
				BA068A032658C8CD00C5B622 /* Colors.xcassets */,
			);
			path = Resources;
			sourceTree = "<group>";
		};
		BAEC88E52655F296001625DA /* App */ = {
			isa = PBXGroup;
			children = (
				BAEC88EC2655F45B001625DA /* System */,
				BAEC88EB2655F451001625DA /* UI */,
			);
			path = App;
			sourceTree = "<group>";
		};
		BAEC88E62655F29D001625DA /* PokemonList */ = {
			isa = PBXGroup;
			children = (
				BAEC88E72655F2C4001625DA /* PokemonListView.swift */,
				BAEC88E92655F349001625DA /* PokemonListViewModel.swift */,
			);
			path = PokemonList;
			sourceTree = "<group>";
		};
		BAEC88EB2655F451001625DA /* UI */ = {
			isa = PBXGroup;
			children = (
				BAEC890F265770B6001625DA /* Views */,
			);
			path = UI;
			sourceTree = "<group>";
		};
		BAEC88EC2655F45B001625DA /* System */ = {
			isa = PBXGroup;
			children = (
				BA0689F72658817C00C5B622 /* Tools */,
				BAEC88FD26576E0B001625DA /* Structs */,
				BAEC88F626576D6D001625DA /* API */,
			);
			path = System;
			sourceTree = "<group>";
		};
		BAEC88F626576D6D001625DA /* API */ = {
			isa = PBXGroup;
			children = (
				BAEC88F726576D7D001625DA /* Agent.swift */,
				BAEC88F926576DD3001625DA /* PokemonAPI.swift */,
			);
			path = API;
			sourceTree = "<group>";
		};
		BAEC88FD26576E0B001625DA /* Structs */ = {
			isa = PBXGroup;
			children = (
				BAEC88FE26576E22001625DA /* PokemonResponseStruct.swift */,
				BA068A0126588ECC00C5B622 /* PokemonDetailStruct.swift */,
				BAAC7DBD2659EFBC00D6CB45 /* AbilityStruct.swift */,
			);
			path = Structs;
			sourceTree = "<group>";
		};
		BAEC890F265770B6001625DA /* Views */ = {
			isa = PBXGroup;
			children = (
				BA068A072659959700C5B622 /* PokemonDetail */,
				BAEC88E62655F29D001625DA /* PokemonList */,
			);
			path = Views;
			sourceTree = "<group>";
		};
/* End PBXGroup section */

/* Begin PBXNativeTarget section */
		BAEC88B42655E851001625DA /* Pokedex */ = {
			isa = PBXNativeTarget;
			buildConfigurationList = BAEC88DA2655E855001625DA /* Build configuration list for PBXNativeTarget "Pokedex" */;
			buildPhases = (
				BAEC88B12655E851001625DA /* Sources */,
				BAEC88B22655E851001625DA /* Frameworks */,
				BAEC88B32655E851001625DA /* Resources */,
			);
			buildRules = (
			);
			dependencies = (
			);
			name = Pokedex;
			productName = Pokedex;
			productReference = BAEC88B52655E851001625DA /* Pokedex.app */;
			productType = "com.apple.product-type.application";
		};
		BAEC88C52655E855001625DA /* PokedexTests */ = {
			isa = PBXNativeTarget;
			buildConfigurationList = BAEC88DD2655E855001625DA /* Build configuration list for PBXNativeTarget "PokedexTests" */;
			buildPhases = (
				BAEC88C22655E855001625DA /* Sources */,
				BAEC88C32655E855001625DA /* Frameworks */,
				BAEC88C42655E855001625DA /* Resources */,
			);
			buildRules = (
			);
			dependencies = (
				BAEC88C82655E855001625DA /* PBXTargetDependency */,
			);
			name = PokedexTests;
			productName = PokedexTests;
			productReference = BAEC88C62655E855001625DA /* PokedexTests.xctest */;
			productType = "com.apple.product-type.bundle.unit-test";
		};
		BAEC88D02655E855001625DA /* PokedexUITests */ = {
			isa = PBXNativeTarget;
			buildConfigurationList = BAEC88E02655E855001625DA /* Build configuration list for PBXNativeTarget "PokedexUITests" */;
			buildPhases = (
				BAEC88CD2655E855001625DA /* Sources */,
				BAEC88CE2655E855001625DA /* Frameworks */,
				BAEC88CF2655E855001625DA /* Resources */,
			);
			buildRules = (
			);
			dependencies = (
				BAEC88D32655E855001625DA /* PBXTargetDependency */,
			);
			name = PokedexUITests;
			productName = PokedexUITests;
			productReference = BAEC88D12655E855001625DA /* PokedexUITests.xctest */;
			productType = "com.apple.product-type.bundle.ui-testing";
		};
/* End PBXNativeTarget section */

/* Begin PBXProject section */
		BAEC88AD2655E851001625DA /* Project object */ = {
			isa = PBXProject;
			attributes = {
				LastSwiftUpdateCheck = 1250;
				LastUpgradeCheck = 1250;
				TargetAttributes = {
					BAEC88B42655E851001625DA = {
						CreatedOnToolsVersion = 12.5;
					};
					BAEC88C52655E855001625DA = {
						CreatedOnToolsVersion = 12.5;
						TestTargetID = BAEC88B42655E851001625DA;
					};
					BAEC88D02655E855001625DA = {
						CreatedOnToolsVersion = 12.5;
						TestTargetID = BAEC88B42655E851001625DA;
					};
				};
			};
			buildConfigurationList = BAEC88B02655E851001625DA /* Build configuration list for PBXProject "Pokedex" */;
			compatibilityVersion = "Xcode 9.3";
			developmentRegion = en;
			hasScannedForEncodings = 0;
			knownRegions = (
				en,
				Base,
			);
			mainGroup = BAEC88AC2655E851001625DA;
			productRefGroup = BAEC88B62655E851001625DA /* Products */;
			projectDirPath = "";
			projectRoot = "";
			targets = (
				BAEC88B42655E851001625DA /* Pokedex */,
				BAEC88C52655E855001625DA /* PokedexTests */,
				BAEC88D02655E855001625DA /* PokedexUITests */,
			);
		};
/* End PBXProject section */

/* Begin PBXResourcesBuildPhase section */
		BAEC88B32655E851001625DA /* Resources */ = {
			isa = PBXResourcesBuildPhase;
			buildActionMask = 2147483647;
			files = (
				BA068A042658C8CD00C5B622 /* Colors.xcassets in Resources */,
				BAEC88C02655E855001625DA /* Preview Assets.xcassets in Resources */,
				BAAC7DC0265A0BF400D6CB45 /* Launch Screen.storyboard in Resources */,
				BAEC88BD2655E855001625DA /* Assets.xcassets in Resources */,
			);
			runOnlyForDeploymentPostprocessing = 0;
		};
		BAEC88C42655E855001625DA /* Resources */ = {
			isa = PBXResourcesBuildPhase;
			buildActionMask = 2147483647;
			files = (
			);
			runOnlyForDeploymentPostprocessing = 0;
		};
		BAEC88CF2655E855001625DA /* Resources */ = {
			isa = PBXResourcesBuildPhase;
			buildActionMask = 2147483647;
			files = (
			);
			runOnlyForDeploymentPostprocessing = 0;
		};
/* End PBXResourcesBuildPhase section */

/* Begin PBXSourcesBuildPhase section */
		BAEC88B12655E851001625DA /* Sources */ = {
			isa = PBXSourcesBuildPhase;
			buildActionMask = 2147483647;
			files = (
				BA068A09265995D900C5B622 /* PokemonDetailView.swift in Sources */,
				BA068A002658828000C5B622 /* Spinner.swift in Sources */,
				BA3BB4C4265B469800184790 /* StringExtension.swift in Sources */,
				BA0689FE2658821500C5B622 /* AsyncImage.swift in Sources */,
				BAEC88F826576D7D001625DA /* Agent.swift in Sources */,
				BAEC88FA26576DD3001625DA /* PokemonAPI.swift in Sources */,
				BA0689FC2658821500C5B622 /* ImageCache.swift in Sources */,
				BAEC88FF26576E22001625DA /* PokemonResponseStruct.swift in Sources */,
				BAEC88E82655F2C4001625DA /* PokemonListView.swift in Sources */,
				BAAC7DBE2659EFBC00D6CB45 /* AbilityStruct.swift in Sources */,
				BA0689FD2658821500C5B622 /* ImageLoader.swift in Sources */,
				BAEC88EA2655F349001625DA /* PokemonListViewModel.swift in Sources */,
				BA068A0B265995EE00C5B622 /* PokemonDetailViewModel.swift in Sources */,
				BA068A0226588ECC00C5B622 /* PokemonDetailStruct.swift in Sources */,
				BAEC88B92655E851001625DA /* PokedexApp.swift in Sources */,
			);
			runOnlyForDeploymentPostprocessing = 0;
		};
		BAEC88C22655E855001625DA /* Sources */ = {
			isa = PBXSourcesBuildPhase;
			buildActionMask = 2147483647;
			files = (
				BAEC88CB2655E855001625DA /* PokedexTests.swift in Sources */,
			);
			runOnlyForDeploymentPostprocessing = 0;
		};
		BAEC88CD2655E855001625DA /* Sources */ = {
			isa = PBXSourcesBuildPhase;
			buildActionMask = 2147483647;
			files = (
				BAEC88D62655E855001625DA /* PokedexUITests.swift in Sources */,
			);
			runOnlyForDeploymentPostprocessing = 0;
		};
/* End PBXSourcesBuildPhase section */

/* Begin PBXTargetDependency section */
		BAEC88C82655E855001625DA /* PBXTargetDependency */ = {
			isa = PBXTargetDependency;
			target = BAEC88B42655E851001625DA /* Pokedex */;
			targetProxy = BAEC88C72655E855001625DA /* PBXContainerItemProxy */;
		};
		BAEC88D32655E855001625DA /* PBXTargetDependency */ = {
			isa = PBXTargetDependency;
			target = BAEC88B42655E851001625DA /* Pokedex */;
			targetProxy = BAEC88D22655E855001625DA /* PBXContainerItemProxy */;
		};
/* End PBXTargetDependency section */

/* Begin XCBuildConfiguration section */
		BAEC88D82655E855001625DA /* Debug */ = {
			isa = XCBuildConfiguration;
			buildSettings = {
				ALWAYS_SEARCH_USER_PATHS = NO;
				CLANG_ANALYZER_NONNULL = YES;
				CLANG_ANALYZER_NUMBER_OBJECT_CONVERSION = YES_AGGRESSIVE;
				CLANG_CXX_LANGUAGE_STANDARD = "gnu++14";
				CLANG_CXX_LIBRARY = "libc++";
				CLANG_ENABLE_MODULES = YES;
				CLANG_ENABLE_OBJC_ARC = YES;
				CLANG_ENABLE_OBJC_WEAK = YES;
				CLANG_WARN_BLOCK_CAPTURE_AUTORELEASING = YES;
				CLANG_WARN_BOOL_CONVERSION = YES;
				CLANG_WARN_COMMA = YES;
				CLANG_WARN_CONSTANT_CONVERSION = YES;
				CLANG_WARN_DEPRECATED_OBJC_IMPLEMENTATIONS = YES;
				CLANG_WARN_DIRECT_OBJC_ISA_USAGE = YES_ERROR;
				CLANG_WARN_DOCUMENTATION_COMMENTS = YES;
				CLANG_WARN_EMPTY_BODY = YES;
				CLANG_WARN_ENUM_CONVERSION = YES;
				CLANG_WARN_INFINITE_RECURSION = YES;
				CLANG_WARN_INT_CONVERSION = YES;
				CLANG_WARN_NON_LITERAL_NULL_CONVERSION = YES;
				CLANG_WARN_OBJC_IMPLICIT_RETAIN_SELF = YES;
				CLANG_WARN_OBJC_LITERAL_CONVERSION = YES;
				CLANG_WARN_OBJC_ROOT_CLASS = YES_ERROR;
				CLANG_WARN_QUOTED_INCLUDE_IN_FRAMEWORK_HEADER = YES;
				CLANG_WARN_RANGE_LOOP_ANALYSIS = YES;
				CLANG_WARN_STRICT_PROTOTYPES = YES;
				CLANG_WARN_SUSPICIOUS_MOVE = YES;
				CLANG_WARN_UNGUARDED_AVAILABILITY = YES_AGGRESSIVE;
				CLANG_WARN_UNREACHABLE_CODE = YES;
				CLANG_WARN__DUPLICATE_METHOD_MATCH = YES;
				COPY_PHASE_STRIP = NO;
				DEBUG_INFORMATION_FORMAT = dwarf;
				ENABLE_STRICT_OBJC_MSGSEND = YES;
				ENABLE_TESTABILITY = YES;
				GCC_C_LANGUAGE_STANDARD = gnu11;
				GCC_DYNAMIC_NO_PIC = NO;
				GCC_NO_COMMON_BLOCKS = YES;
				GCC_OPTIMIZATION_LEVEL = 0;
				GCC_PREPROCESSOR_DEFINITIONS = (
					"DEBUG=1",
					"$(inherited)",
				);
				GCC_WARN_64_TO_32_BIT_CONVERSION = YES;
				GCC_WARN_ABOUT_RETURN_TYPE = YES_ERROR;
				GCC_WARN_UNDECLARED_SELECTOR = YES;
				GCC_WARN_UNINITIALIZED_AUTOS = YES_AGGRESSIVE;
				GCC_WARN_UNUSED_FUNCTION = YES;
				GCC_WARN_UNUSED_VARIABLE = YES;
				IPHONEOS_DEPLOYMENT_TARGET = 14.5;
				MTL_ENABLE_DEBUG_INFO = INCLUDE_SOURCE;
				MTL_FAST_MATH = YES;
				ONLY_ACTIVE_ARCH = YES;
				SDKROOT = iphoneos;
				SWIFT_ACTIVE_COMPILATION_CONDITIONS = DEBUG;
				SWIFT_OPTIMIZATION_LEVEL = "-Onone";
			};
			name = Debug;
		};
		BAEC88D92655E855001625DA /* Release */ = {
			isa = XCBuildConfiguration;
			buildSettings = {
				ALWAYS_SEARCH_USER_PATHS = NO;
				CLANG_ANALYZER_NONNULL = YES;
				CLANG_ANALYZER_NUMBER_OBJECT_CONVERSION = YES_AGGRESSIVE;
				CLANG_CXX_LANGUAGE_STANDARD = "gnu++14";
				CLANG_CXX_LIBRARY = "libc++";
				CLANG_ENABLE_MODULES = YES;
				CLANG_ENABLE_OBJC_ARC = YES;
				CLANG_ENABLE_OBJC_WEAK = YES;
				CLANG_WARN_BLOCK_CAPTURE_AUTORELEASING = YES;
				CLANG_WARN_BOOL_CONVERSION = YES;
				CLANG_WARN_COMMA = YES;
				CLANG_WARN_CONSTANT_CONVERSION = YES;
				CLANG_WARN_DEPRECATED_OBJC_IMPLEMENTATIONS = YES;
				CLANG_WARN_DIRECT_OBJC_ISA_USAGE = YES_ERROR;
				CLANG_WARN_DOCUMENTATION_COMMENTS = YES;
				CLANG_WARN_EMPTY_BODY = YES;
				CLANG_WARN_ENUM_CONVERSION = YES;
				CLANG_WARN_INFINITE_RECURSION = YES;
				CLANG_WARN_INT_CONVERSION = YES;
				CLANG_WARN_NON_LITERAL_NULL_CONVERSION = YES;
				CLANG_WARN_OBJC_IMPLICIT_RETAIN_SELF = YES;
				CLANG_WARN_OBJC_LITERAL_CONVERSION = YES;
				CLANG_WARN_OBJC_ROOT_CLASS = YES_ERROR;
				CLANG_WARN_QUOTED_INCLUDE_IN_FRAMEWORK_HEADER = YES;
				CLANG_WARN_RANGE_LOOP_ANALYSIS = YES;
				CLANG_WARN_STRICT_PROTOTYPES = YES;
				CLANG_WARN_SUSPICIOUS_MOVE = YES;
				CLANG_WARN_UNGUARDED_AVAILABILITY = YES_AGGRESSIVE;
				CLANG_WARN_UNREACHABLE_CODE = YES;
				CLANG_WARN__DUPLICATE_METHOD_MATCH = YES;
				COPY_PHASE_STRIP = NO;
				DEBUG_INFORMATION_FORMAT = "dwarf-with-dsym";
				ENABLE_NS_ASSERTIONS = NO;
				ENABLE_STRICT_OBJC_MSGSEND = YES;
				GCC_C_LANGUAGE_STANDARD = gnu11;
				GCC_NO_COMMON_BLOCKS = YES;
				GCC_WARN_64_TO_32_BIT_CONVERSION = YES;
				GCC_WARN_ABOUT_RETURN_TYPE = YES_ERROR;
				GCC_WARN_UNDECLARED_SELECTOR = YES;
				GCC_WARN_UNINITIALIZED_AUTOS = YES_AGGRESSIVE;
				GCC_WARN_UNUSED_FUNCTION = YES;
				GCC_WARN_UNUSED_VARIABLE = YES;
				IPHONEOS_DEPLOYMENT_TARGET = 14.5;
				MTL_ENABLE_DEBUG_INFO = NO;
				MTL_FAST_MATH = YES;
				SDKROOT = iphoneos;
				SWIFT_COMPILATION_MODE = wholemodule;
				SWIFT_OPTIMIZATION_LEVEL = "-O";
				VALIDATE_PRODUCT = YES;
			};
			name = Release;
		};
		BAEC88DB2655E855001625DA /* Debug */ = {
			isa = XCBuildConfiguration;
			buildSettings = {
				ASSETCATALOG_COMPILER_APPICON_NAME = AppIcon;
				ASSETCATALOG_COMPILER_GLOBAL_ACCENT_COLOR_NAME = AccentColor;
				CODE_SIGN_STYLE = Automatic;
				DEVELOPMENT_ASSET_PATHS = "\"Pokedex/Preview Content\"";
				DEVELOPMENT_TEAM = U4PL9MN2DM;
				ENABLE_PREVIEWS = YES;
				INFOPLIST_FILE = "$(SRCROOT)/Pokedex/Base/Info.plist";
				IPHONEOS_DEPLOYMENT_TARGET = 14.0;
				LD_RUNPATH_SEARCH_PATHS = (
					"$(inherited)",
					"@executable_path/Frameworks",
				);
				PRODUCT_BUNDLE_IDENTIFIER = CronoxSoft.Pokedex;
				PRODUCT_NAME = "$(TARGET_NAME)";
				SWIFT_VERSION = 5.0;
				TARGETED_DEVICE_FAMILY = "1,2";
			};
			name = Debug;
		};
		BAEC88DC2655E855001625DA /* Release */ = {
			isa = XCBuildConfiguration;
			buildSettings = {
				ASSETCATALOG_COMPILER_APPICON_NAME = AppIcon;
				ASSETCATALOG_COMPILER_GLOBAL_ACCENT_COLOR_NAME = AccentColor;
				CODE_SIGN_STYLE = Automatic;
				DEVELOPMENT_ASSET_PATHS = "\"Pokedex/Preview Content\"";
				DEVELOPMENT_TEAM = U4PL9MN2DM;
				ENABLE_PREVIEWS = YES;
				INFOPLIST_FILE = "$(SRCROOT)/Pokedex/Base/Info.plist";
				IPHONEOS_DEPLOYMENT_TARGET = 14.0;
				LD_RUNPATH_SEARCH_PATHS = (
					"$(inherited)",
					"@executable_path/Frameworks",
				);
				PRODUCT_BUNDLE_IDENTIFIER = CronoxSoft.Pokedex;
				PRODUCT_NAME = "$(TARGET_NAME)";
				SWIFT_VERSION = 5.0;
				TARGETED_DEVICE_FAMILY = "1,2";
			};
			name = Release;
		};
		BAEC88DE2655E855001625DA /* Debug */ = {
			isa = XCBuildConfiguration;
			buildSettings = {
				ALWAYS_EMBED_SWIFT_STANDARD_LIBRARIES = YES;
				BUNDLE_LOADER = "$(TEST_HOST)";
				CODE_SIGN_STYLE = Automatic;
				DEVELOPMENT_TEAM = U4PL9MN2DM;
				INFOPLIST_FILE = PokedexTests/Info.plist;
				IPHONEOS_DEPLOYMENT_TARGET = 14.0;
				LD_RUNPATH_SEARCH_PATHS = (
					"$(inherited)",
					"@executable_path/Frameworks",
					"@loader_path/Frameworks",
				);
				PRODUCT_BUNDLE_IDENTIFIER = CronoxSoft.PokedexTests;
				PRODUCT_NAME = "$(TARGET_NAME)";
				SWIFT_VERSION = 5.0;
				TARGETED_DEVICE_FAMILY = "1,2";
				TEST_HOST = "$(BUILT_PRODUCTS_DIR)/Pokedex.app/Pokedex";
			};
			name = Debug;
		};
		BAEC88DF2655E855001625DA /* Release */ = {
			isa = XCBuildConfiguration;
			buildSettings = {
				ALWAYS_EMBED_SWIFT_STANDARD_LIBRARIES = YES;
				BUNDLE_LOADER = "$(TEST_HOST)";
				CODE_SIGN_STYLE = Automatic;
				DEVELOPMENT_TEAM = U4PL9MN2DM;
				INFOPLIST_FILE = PokedexTests/Info.plist;
				IPHONEOS_DEPLOYMENT_TARGET = 14.0;
				LD_RUNPATH_SEARCH_PATHS = (
					"$(inherited)",
					"@executable_path/Frameworks",
					"@loader_path/Frameworks",
				);
				PRODUCT_BUNDLE_IDENTIFIER = CronoxSoft.PokedexTests;
				PRODUCT_NAME = "$(TARGET_NAME)";
				SWIFT_VERSION = 5.0;
				TARGETED_DEVICE_FAMILY = "1,2";
				TEST_HOST = "$(BUILT_PRODUCTS_DIR)/Pokedex.app/Pokedex";
			};
			name = Release;
		};
		BAEC88E12655E855001625DA /* Debug */ = {
			isa = XCBuildConfiguration;
			buildSettings = {
				ALWAYS_EMBED_SWIFT_STANDARD_LIBRARIES = YES;
				CODE_SIGN_STYLE = Automatic;
				DEVELOPMENT_TEAM = U4PL9MN2DM;
				INFOPLIST_FILE = PokedexUITests/Info.plist;
				LD_RUNPATH_SEARCH_PATHS = (
					"$(inherited)",
					"@executable_path/Frameworks",
					"@loader_path/Frameworks",
				);
				PRODUCT_BUNDLE_IDENTIFIER = CronoxSoft.PokedexUITests;
				PRODUCT_NAME = "$(TARGET_NAME)";
				SWIFT_VERSION = 5.0;
				TARGETED_DEVICE_FAMILY = "1,2";
				TEST_TARGET_NAME = Pokedex;
			};
			name = Debug;
		};
		BAEC88E22655E855001625DA /* Release */ = {
			isa = XCBuildConfiguration;
			buildSettings = {
				ALWAYS_EMBED_SWIFT_STANDARD_LIBRARIES = YES;
				CODE_SIGN_STYLE = Automatic;
				DEVELOPMENT_TEAM = U4PL9MN2DM;
				INFOPLIST_FILE = PokedexUITests/Info.plist;
				LD_RUNPATH_SEARCH_PATHS = (
					"$(inherited)",
					"@executable_path/Frameworks",
					"@loader_path/Frameworks",
				);
				PRODUCT_BUNDLE_IDENTIFIER = CronoxSoft.PokedexUITests;
				PRODUCT_NAME = "$(TARGET_NAME)";
				SWIFT_VERSION = 5.0;
				TARGETED_DEVICE_FAMILY = "1,2";
				TEST_TARGET_NAME = Pokedex;
			};
			name = Release;
		};
/* End XCBuildConfiguration section */

/* Begin XCConfigurationList section */
		BAEC88B02655E851001625DA /* Build configuration list for PBXProject "Pokedex" */ = {
			isa = XCConfigurationList;
			buildConfigurations = (
				BAEC88D82655E855001625DA /* Debug */,
				BAEC88D92655E855001625DA /* Release */,
			);
			defaultConfigurationIsVisible = 0;
			defaultConfigurationName = Release;
		};
		BAEC88DA2655E855001625DA /* Build configuration list for PBXNativeTarget "Pokedex" */ = {
			isa = XCConfigurationList;
			buildConfigurations = (
				BAEC88DB2655E855001625DA /* Debug */,
				BAEC88DC2655E855001625DA /* Release */,
			);
			defaultConfigurationIsVisible = 0;
			defaultConfigurationName = Release;
		};
		BAEC88DD2655E855001625DA /* Build configuration list for PBXNativeTarget "PokedexTests" */ = {
			isa = XCConfigurationList;
			buildConfigurations = (
				BAEC88DE2655E855001625DA /* Debug */,
				BAEC88DF2655E855001625DA /* Release */,
			);
			defaultConfigurationIsVisible = 0;
			defaultConfigurationName = Release;
		};
		BAEC88E02655E855001625DA /* Build configuration list for PBXNativeTarget "PokedexUITests" */ = {
			isa = XCConfigurationList;
			buildConfigurations = (
				BAEC88E12655E855001625DA /* Debug */,
				BAEC88E22655E855001625DA /* Release */,
			);
			defaultConfigurationIsVisible = 0;
			defaultConfigurationName = Release;
		};
/* End XCConfigurationList section */
	};
	rootObject = BAEC88AD2655E851001625DA /* Project object */;
}
